
Microsoft Visual Studio Solution File, Format Version 12.00
# Visual Studio 15
VisualStudioVersion = 15.0.28010.2036
MinimumVisualStudioVersion = 10.0.40219.1
Project("{9A19103F-16F7-4668-BE54-9A1E7A4F7556}") = "WordFilter", "WordFilter\WordFilter.csproj", "{AC86C3C8-F88B-4209-AE28-3FB13A7792A7}"
EndProject
Project("{9A19103F-16F7-4668-BE54-9A1E7A4F7556}") = "WordFilter.Tests", "WordFilter.Tests\WordFilter.Tests.csproj", "{827BACF5-FEF0-4EED-9877-64BA35CB3DD0}"
EndProject
Project("{2150E333-8FDC-42A3-9474-1A3956D46DE8}") = "Soultion Items", "Soultion Items", "{E87EEAF1-E728-4C34-97F0-0FA8612CDC0B}"
	ProjectSection(SolutionItems) = preProject
		.gitignore = .gitignore
		LICENSE = LICENSE
	EndProjectSection
EndProject
Global
	GlobalSection(SolutionConfigurationPlatforms) = preSolution
		Debug|Any CPU = Debug|Any CPU
		Release|Any CPU = Release|Any CPU
	EndGlobalSection
	GlobalSection(ProjectConfigurationPlatforms) = postSolution
		{AC86C3C8-F88B-4209-AE28-3FB13A7792A7}.Debug|Any CPU.ActiveCfg = Debug|Any CPU
		{AC86C3C8-F88B-4209-AE28-3FB13A7792A7}.Debug|Any CPU.Build.0 = Debug|Any CPU
		{AC86C3C8-F88B-4209-AE28-3FB13A7792A7}.Release|Any CPU.ActiveCfg = Release|Any CPU
		{AC86C3C8-F88B-4209-AE28-3FB13A7792A7}.Release|Any CPU.Build.0 = Release|Any CPU
		{827BACF5-FEF0-4EED-9877-64BA35CB3DD0}.Debug|Any CPU.ActiveCfg = Debug|Any CPU
		{827BACF5-FEF0-4EED-9877-64BA35CB3DD0}.Debug|Any CPU.Build.0 = Debug|Any CPU
		{827BACF5-FEF0-4EED-9877-64BA35CB3DD0}.Release|Any CPU.ActiveCfg = Release|Any CPU
		{827BACF5-FEF0-4EED-9877-64BA35CB3DD0}.Release|Any CPU.Build.0 = Release|Any CPU
	EndGlobalSection
	GlobalSection(SolutionProperties) = preSolution
		HideSolutionNode = FALSE
	EndGlobalSection
	GlobalSection(ExtensibilityGlobals) = postSolution
		SolutionGuid = {B5CD2151-6CB6-46E0-BD15-3D9D0FBF3363}
	EndGlobalSection
EndGlobal
